{
  "nodes": {
    "home-manager": {
      "inputs": {
        "nixpkgs": [
          "nixpkgs-unstable"
        ]
      },
      "locked": {
        "lastModified": 1726989464,
        "narHash": "sha256-Vl+WVTJwutXkimwGprnEtXc/s/s8sMuXzqXaspIGlwM=",
        "owner": "nix-community",
        "repo": "home-manager",
        "rev": "2f23fa308a7c067e52dfcc30a0758f47043ec176",
        "type": "github"
      },
      "original": {
        "owner": "nix-community",
        "ref": "release-24.05",
        "repo": "home-manager",
        "type": "github"
      }
    },
    "nix-darwin": {
      "inputs": {
        "nixpkgs": [
          "nixpkgs"
        ]
      },
      "locked": {
        "lastModified": 1729579044,
        "narHash": "sha256-0kEUVl5s8LHbK4/xEePflsdYVwG+RRFSIofSvITYmIU=",
        "owner": "LnL7",
        "repo": "nix-darwin",
        "rev": "64d9d1ae25215c274c37e3e4016977a6779cf0d3",
        "type": "github"
      },
      "original": {
        "owner": "LnL7",
        "repo": "nix-darwin",
        "type": "github"
      }
    },
    "nixpkgs": {
      "locked": {
        "lastModified": 1729530158,
        "narHash": "sha256-rprj2S6w8RjDyNPnHbb2HIgE8lnbfic8L1YbUURJRYU=",
        "owner": "NixOS",
        "repo": "nixpkgs",
        "rev": "a3f90277d366596f8fdac8d9608d2471e204a77a",
        "type": "github"
      },
      "original": {
        "owner": "NixOS",
        "ref": "nixpkgs-24.05-darwin",
        "repo": "nixpkgs",
        "type": "github"
      }
    },
    "nixpkgs-unstable": {
      "locked": {
        "lastModified": 1729428082,
        "narHash": "sha256-xb4/Y+Y7ZlkQaA5rXnrXplDzdt2Jfgdmar3+qkb56UA=",
        "owner": "NixOS",
        "repo": "nixpkgs",
        "rev": "ca30f584e18024baf39c395001262ed936f27ebd",
        "type": "github"
      },
      "original": {
        "owner": "NixOS",
        "ref": "nixpkgs-unstable",
        "repo": "nixpkgs",
        "type": "github"
      }
    },
    "root": {
      "inputs": {
        "home-manager": "home-manager",
        "nix-darwin": "nix-darwin",
        "nixpkgs": "nixpkgs",
        "nixpkgs-unstable": "nixpkgs-unstable"
      }
    }
  },
  "root": "root",
  "version": 7
}
